
Microsoft Visual Studio Solution File, Format Version 12.00
# Visual Studio Version 17
VisualStudioVersion = 17.3.32708.82
MinimumVisualStudioVersion = 10.0.40219.1
Project("{FAE04EC0-301F-11D3-BF4B-00C04F79EFBC}") = "NumSayV2.0", "NumSayV2.0\NumSayV2.0.csproj", "{527CCC74-BB30-4C7D-978B-42990FFE13DC}"
EndProject
Global
	GlobalSection(SolutionConfigurationPlatforms) = preSolution
		Debug|Any CPU = Debug|Any CPU
		Release|Any CPU = Release|Any CPU
	EndGlobalSection
	GlobalSection(ProjectConfigurationPlatforms) = postSolution
		{527CCC74-BB30-4C7D-978B-42990FFE13DC}.Debug|Any CPU.ActiveCfg = Debug|Any CPU
		{527CCC74-BB30-4C7D-978B-42990FFE13DC}.Debug|Any CPU.Build.0 = Debug|Any CPU
		{527CCC74-BB30-4C7D-978B-42990FFE13DC}.Release|Any CPU.ActiveCfg = Release|Any CPU
		{527CCC74-BB30-4C7D-978B-42990FFE13DC}.Release|Any CPU.Build.0 = Release|Any CPU
	EndGlobalSection
	GlobalSection(SolutionProperties) = preSolution
		HideSolutionNode = FALSE
	EndGlobalSection
	GlobalSection(ExtensibilityGlobals) = postSolution
		SolutionGuid = {B581C396-C24A-4DB9-8B46-87ACA1197181}
	EndGlobalSection
EndGlobal
